
Microsoft Visual Studio Solution File, Format Version 12.00
# Visual Studio Version 17
VisualStudioVersion = 17.5.002.0
MinimumVisualStudioVersion = 10.0.40219.1
Project("{9A19103F-16F7-4668-BE54-9A1E7A4F7556}") = "PizzaStore", "PizzaStore\PizzaStore.csproj", "{B4DCB881-AFD5-4ABA-A1AF-58DC769B4D5A}"
EndProject
Project("{9A19103F-16F7-4668-BE54-9A1E7A4F7556}") = "PizzaStore (1)", "PizzaStore-Cors\PizzaStore.csproj", "{A0D05BCA-9513-42BA-A74F-533B385074A4}"
EndProject
Global
	GlobalSection(SolutionConfigurationPlatforms) = preSolution
		Debug|Any CPU = Debug|Any CPU
		Release|Any CPU = Release|Any CPU
	EndGlobalSection
	GlobalSection(ProjectConfigurationPlatforms) = postSolution
		{B4DCB881-AFD5-4ABA-A1AF-58DC769B4D5A}.Debug|Any CPU.ActiveCfg = Debug|Any CPU
		{B4DCB881-AFD5-4ABA-A1AF-58DC769B4D5A}.Debug|Any CPU.Build.0 = Debug|Any CPU
		{B4DCB881-AFD5-4ABA-A1AF-58DC769B4D5A}.Release|Any CPU.ActiveCfg = Release|Any CPU
		{B4DCB881-AFD5-4ABA-A1AF-58DC769B4D5A}.Release|Any CPU.Build.0 = Release|Any CPU
		{A0D05BCA-9513-42BA-A74F-533B385074A4}.Debug|Any CPU.ActiveCfg = Debug|Any CPU
		{A0D05BCA-9513-42BA-A74F-533B385074A4}.Debug|Any CPU.Build.0 = Debug|Any CPU
		{A0D05BCA-9513-42BA-A74F-533B385074A4}.Release|Any CPU.ActiveCfg = Release|Any CPU
		{A0D05BCA-9513-42BA-A74F-533B385074A4}.Release|Any CPU.Build.0 = Release|Any CPU
	EndGlobalSection
	GlobalSection(SolutionProperties) = preSolution
		HideSolutionNode = FALSE
	EndGlobalSection
	GlobalSection(ExtensibilityGlobals) = postSolution
		SolutionGuid = {BE8CA9E0-2815-4276-AA52-7F42207F8C87}
	EndGlobalSection
EndGlobal
